
Microsoft Visual Studio Solution File, Format Version 12.00
# Visual Studio Version 17
VisualStudioVersion = 17.12.35728.132
MinimumVisualStudioVersion = 10.0.40219.1
Project("{2150E333-8FDC-42A3-9474-1A3956D46DE8}") = "1. Core", "1. Core", "{7C69B7D3-AF7F-477D-A72C-8B07BFAC2461}"
EndProject
Project("{2150E333-8FDC-42A3-9474-1A3956D46DE8}") = "2. Infrastructure", "2. Infrastructure", "{F1897909-F5F0-4BAB-836A-80D253A41E1B}"
EndProject
Project("{2150E333-8FDC-42A3-9474-1A3956D46DE8}") = "3. Service", "3. Service", "{7CB99F60-1621-4D57-95EB-3C934EC408DD}"
EndProject
Project("{2150E333-8FDC-42A3-9474-1A3956D46DE8}") = "4. Web", "4. Web", "{90888594-467D-47A5-AF92-CD97352AA5EA}"
EndProject
Project("{FAE04EC0-301F-11D3-BF4B-00C04F79EFBC}") = "Core.Entities", "Core.Entities\Core.Entities.csproj", "{51554DB2-F9F4-4402-B9A6-67735F3C9CF1}"
EndProject
Project("{FAE04EC0-301F-11D3-BF4B-00C04F79EFBC}") = "Core", "Core\Core.csproj", "{17A24264-4A55-4514-A18E-4F007C0FFFC8}"
EndProject
Project("{FAE04EC0-301F-11D3-BF4B-00C04F79EFBC}") = "Core.Interfaces", "Core.Interfaces\Core.Interfaces.csproj", "{DE76299C-B666-42D3-9F7B-6B92EFA048AE}"
EndProject
Project("{FAE04EC0-301F-11D3-BF4B-00C04F79EFBC}") = "Infrastructure.Data", "Infrastructure.Data\Infrastructure.Data.csproj", "{DBBE4BE3-A338-49AC-A6FF-315F04880C21}"
EndProject
Project("{FAE04EC0-301F-11D3-BF4B-00C04F79EFBC}") = "Infrastructure.Services", "Infrastructure.Services\Infrastructure.Services.csproj", "{2961AA06-F19F-416D-9850-25A0DE2849C5}"
EndProject
Project("{FAE04EC0-301F-11D3-BF4B-00C04F79EFBC}") = "Service.Interfaces", "Service.Interfaces\Service.Interfaces.csproj", "{9B2E2AF0-6194-478E-AD0D-6786C25E77CA}"
EndProject
Project("{FAE04EC0-301F-11D3-BF4B-00C04F79EFBC}") = "Service.Services", "Service.Services\Service.Services.csproj", "{1C1FC2A9-2700-47F5-AB26-AAB689A87A80}"
EndProject
Project("{FAE04EC0-301F-11D3-BF4B-00C04F79EFBC}") = "TripApp", "TripApp\TripApp.csproj", "{A98BFCB3-8102-4BC8-B63A-592077B85D46}"
EndProject
Project("{FAE04EC0-301F-11D3-BF4B-00C04F79EFBC}") = "Infrastructure.Jobs", "Jobs\Infrastructure.Jobs.csproj", "{8CCB9F2C-9380-4E04-B880-3743F3A7093A}"
EndProject
Global
	GlobalSection(SolutionConfigurationPlatforms) = preSolution
		Debug|Any CPU = Debug|Any CPU
		Release|Any CPU = Release|Any CPU
	EndGlobalSection
	GlobalSection(ProjectConfigurationPlatforms) = postSolution
		{51554DB2-F9F4-4402-B9A6-67735F3C9CF1}.Debug|Any CPU.ActiveCfg = Debug|Any CPU
		{51554DB2-F9F4-4402-B9A6-67735F3C9CF1}.Debug|Any CPU.Build.0 = Debug|Any CPU
		{51554DB2-F9F4-4402-B9A6-67735F3C9CF1}.Release|Any CPU.ActiveCfg = Release|Any CPU
		{51554DB2-F9F4-4402-B9A6-67735F3C9CF1}.Release|Any CPU.Build.0 = Release|Any CPU
		{17A24264-4A55-4514-A18E-4F007C0FFFC8}.Debug|Any CPU.ActiveCfg = Debug|Any CPU
		{17A24264-4A55-4514-A18E-4F007C0FFFC8}.Debug|Any CPU.Build.0 = Debug|Any CPU
		{17A24264-4A55-4514-A18E-4F007C0FFFC8}.Release|Any CPU.ActiveCfg = Release|Any CPU
		{17A24264-4A55-4514-A18E-4F007C0FFFC8}.Release|Any CPU.Build.0 = Release|Any CPU
		{DE76299C-B666-42D3-9F7B-6B92EFA048AE}.Debug|Any CPU.ActiveCfg = Debug|Any CPU
		{DE76299C-B666-42D3-9F7B-6B92EFA048AE}.Debug|Any CPU.Build.0 = Debug|Any CPU
		{DE76299C-B666-42D3-9F7B-6B92EFA048AE}.Release|Any CPU.ActiveCfg = Release|Any CPU
		{DE76299C-B666-42D3-9F7B-6B92EFA048AE}.Release|Any CPU.Build.0 = Release|Any CPU
		{DBBE4BE3-A338-49AC-A6FF-315F04880C21}.Debug|Any CPU.ActiveCfg = Debug|Any CPU
		{DBBE4BE3-A338-49AC-A6FF-315F04880C21}.Debug|Any CPU.Build.0 = Debug|Any CPU
		{DBBE4BE3-A338-49AC-A6FF-315F04880C21}.Release|Any CPU.ActiveCfg = Release|Any CPU
		{DBBE4BE3-A338-49AC-A6FF-315F04880C21}.Release|Any CPU.Build.0 = Release|Any CPU
		{2961AA06-F19F-416D-9850-25A0DE2849C5}.Debug|Any CPU.ActiveCfg = Debug|Any CPU
		{2961AA06-F19F-416D-9850-25A0DE2849C5}.Debug|Any CPU.Build.0 = Debug|Any CPU
		{2961AA06-F19F-416D-9850-25A0DE2849C5}.Release|Any CPU.ActiveCfg = Release|Any CPU
		{2961AA06-F19F-416D-9850-25A0DE2849C5}.Release|Any CPU.Build.0 = Release|Any CPU
		{9B2E2AF0-6194-478E-AD0D-6786C25E77CA}.Debug|Any CPU.ActiveCfg = Debug|Any CPU
		{9B2E2AF0-6194-478E-AD0D-6786C25E77CA}.Debug|Any CPU.Build.0 = Debug|Any CPU
		{9B2E2AF0-6194-478E-AD0D-6786C25E77CA}.Release|Any CPU.ActiveCfg = Release|Any CPU
		{9B2E2AF0-6194-478E-AD0D-6786C25E77CA}.Release|Any CPU.Build.0 = Release|Any CPU
		{1C1FC2A9-2700-47F5-AB26-AAB689A87A80}.Debug|Any CPU.ActiveCfg = Debug|Any CPU
		{1C1FC2A9-2700-47F5-AB26-AAB689A87A80}.Debug|Any CPU.Build.0 = Debug|Any CPU
		{1C1FC2A9-2700-47F5-AB26-AAB689A87A80}.Release|Any CPU.ActiveCfg = Release|Any CPU
		{1C1FC2A9-2700-47F5-AB26-AAB689A87A80}.Release|Any CPU.Build.0 = Release|Any CPU
		{A98BFCB3-8102-4BC8-B63A-592077B85D46}.Debug|Any CPU.ActiveCfg = Debug|Any CPU
		{A98BFCB3-8102-4BC8-B63A-592077B85D46}.Debug|Any CPU.Build.0 = Debug|Any CPU
		{A98BFCB3-8102-4BC8-B63A-592077B85D46}.Release|Any CPU.ActiveCfg = Release|Any CPU
		{A98BFCB3-8102-4BC8-B63A-592077B85D46}.Release|Any CPU.Build.0 = Release|Any CPU
		{8CCB9F2C-9380-4E04-B880-3743F3A7093A}.Debug|Any CPU.ActiveCfg = Debug|Any CPU
		{8CCB9F2C-9380-4E04-B880-3743F3A7093A}.Debug|Any CPU.Build.0 = Debug|Any CPU
		{8CCB9F2C-9380-4E04-B880-3743F3A7093A}.Release|Any CPU.ActiveCfg = Release|Any CPU
		{8CCB9F2C-9380-4E04-B880-3743F3A7093A}.Release|Any CPU.Build.0 = Release|Any CPU
	EndGlobalSection
	GlobalSection(SolutionProperties) = preSolution
		HideSolutionNode = FALSE
	EndGlobalSection
	GlobalSection(NestedProjects) = preSolution
		{51554DB2-F9F4-4402-B9A6-67735F3C9CF1} = {7C69B7D3-AF7F-477D-A72C-8B07BFAC2461}
		{17A24264-4A55-4514-A18E-4F007C0FFFC8} = {7C69B7D3-AF7F-477D-A72C-8B07BFAC2461}
		{DE76299C-B666-42D3-9F7B-6B92EFA048AE} = {7C69B7D3-AF7F-477D-A72C-8B07BFAC2461}
		{DBBE4BE3-A338-49AC-A6FF-315F04880C21} = {F1897909-F5F0-4BAB-836A-80D253A41E1B}
		{2961AA06-F19F-416D-9850-25A0DE2849C5} = {F1897909-F5F0-4BAB-836A-80D253A41E1B}
		{9B2E2AF0-6194-478E-AD0D-6786C25E77CA} = {7CB99F60-1621-4D57-95EB-3C934EC408DD}
		{1C1FC2A9-2700-47F5-AB26-AAB689A87A80} = {7CB99F60-1621-4D57-95EB-3C934EC408DD}
		{A98BFCB3-8102-4BC8-B63A-592077B85D46} = {90888594-467D-47A5-AF92-CD97352AA5EA}
		{8CCB9F2C-9380-4E04-B880-3743F3A7093A} = {F1897909-F5F0-4BAB-836A-80D253A41E1B}
	EndGlobalSection
EndGlobal
